
Microsoft Visual Studio Solution File, Format Version 12.00
# Visual Studio Version 17
VisualStudioVersion = 17.0.32112.339
MinimumVisualStudioVersion = 10.0.40219.1
Project("{FAE04EC0-301F-11D3-BF4B-00C04F79EFBC}") = "WpfApp1", "WpfApp1\WpfApp1.csproj", "{452B4CD2-CA87-4FA7-8D7F-1CCA7A9DDE80}"
EndProject
Project("{54435603-DBB4-11D2-8724-00A0C9A8B90C}") = "DefHoldAutoSetup", "DefHoldAutoSetup\DefHoldAutoSetup.vdproj", "{9D8CD45A-CAD5-4C6B-A1FF-D04FC4995E6F}"
EndProject
Global
	GlobalSection(SolutionConfigurationPlatforms) = preSolution
		Debug|Any CPU = Debug|Any CPU
		Release|Any CPU = Release|Any CPU
	EndGlobalSection
	GlobalSection(ProjectConfigurationPlatforms) = postSolution
		{452B4CD2-CA87-4FA7-8D7F-1CCA7A9DDE80}.Debug|Any CPU.ActiveCfg = Debug|Any CPU
		{452B4CD2-CA87-4FA7-8D7F-1CCA7A9DDE80}.Debug|Any CPU.Build.0 = Debug|Any CPU
		{452B4CD2-CA87-4FA7-8D7F-1CCA7A9DDE80}.Release|Any CPU.ActiveCfg = Release|Any CPU
		{452B4CD2-CA87-4FA7-8D7F-1CCA7A9DDE80}.Release|Any CPU.Build.0 = Release|Any CPU
		{9D8CD45A-CAD5-4C6B-A1FF-D04FC4995E6F}.Debug|Any CPU.ActiveCfg = Debug
		{9D8CD45A-CAD5-4C6B-A1FF-D04FC4995E6F}.Release|Any CPU.ActiveCfg = Release
	EndGlobalSection
	GlobalSection(SolutionProperties) = preSolution
		HideSolutionNode = FALSE
	EndGlobalSection
	GlobalSection(ExtensibilityGlobals) = postSolution
		SolutionGuid = {AE4DE0EC-B6A9-4425-9A8E-8CDCBCCECB44}
	EndGlobalSection
EndGlobal
